
Microsoft Visual Studio Solution File, Format Version 12.00
# Visual Studio 14
VisualStudioVersion = 14.0.25420.1
MinimumVisualStudioVersion = 10.0.40219.1
Project("{FAE04EC0-301F-11D3-BF4B-00C04F79EFBC}") = "DataHub.Api", "DataHub.Api\DataHub.Api.csproj", "{ADA2E96D-0834-4958-B357-8253CB9DB917}"
EndProject
Project("{FAE04EC0-301F-11D3-BF4B-00C04F79EFBC}") = "DataHub.Domain", "DataHub.Domain\DataHub.Domain.csproj", "{CE727ED8-025F-4156-A381-25AF67257069}"
EndProject
Project("{FAE04EC0-301F-11D3-BF4B-00C04F79EFBC}") = "DataHub.Data", "DataHub.Data\DataHub.Data.csproj", "{F5AE7E6B-41C3-45DD-B335-F6E82335AF98}"
EndProject
Project("{FAE04EC0-301F-11D3-BF4B-00C04F79EFBC}") = "DataHub.Api.Tests", "DataHub.Api.Tests\DataHub.Api.Tests.csproj", "{BAD6AD11-1DDA-4689-81FB-37EDABD41787}"
EndProject
Global
	GlobalSection(SolutionConfigurationPlatforms) = preSolution
		Debug|Any CPU = Debug|Any CPU
		Release|Any CPU = Release|Any CPU
	EndGlobalSection
	GlobalSection(ProjectConfigurationPlatforms) = postSolution
		{ADA2E96D-0834-4958-B357-8253CB9DB917}.Debug|Any CPU.ActiveCfg = Debug|Any CPU
		{ADA2E96D-0834-4958-B357-8253CB9DB917}.Debug|Any CPU.Build.0 = Debug|Any CPU
		{ADA2E96D-0834-4958-B357-8253CB9DB917}.Release|Any CPU.ActiveCfg = Release|Any CPU
		{ADA2E96D-0834-4958-B357-8253CB9DB917}.Release|Any CPU.Build.0 = Release|Any CPU
		{CE727ED8-025F-4156-A381-25AF67257069}.Debug|Any CPU.ActiveCfg = Debug|Any CPU
		{CE727ED8-025F-4156-A381-25AF67257069}.Debug|Any CPU.Build.0 = Debug|Any CPU
		{CE727ED8-025F-4156-A381-25AF67257069}.Release|Any CPU.ActiveCfg = Release|Any CPU
		{CE727ED8-025F-4156-A381-25AF67257069}.Release|Any CPU.Build.0 = Release|Any CPU
		{F5AE7E6B-41C3-45DD-B335-F6E82335AF98}.Debug|Any CPU.ActiveCfg = Debug|Any CPU
		{F5AE7E6B-41C3-45DD-B335-F6E82335AF98}.Debug|Any CPU.Build.0 = Debug|Any CPU
		{F5AE7E6B-41C3-45DD-B335-F6E82335AF98}.Release|Any CPU.ActiveCfg = Release|Any CPU
		{F5AE7E6B-41C3-45DD-B335-F6E82335AF98}.Release|Any CPU.Build.0 = Release|Any CPU
		{BAD6AD11-1DDA-4689-81FB-37EDABD41787}.Debug|Any CPU.ActiveCfg = Debug|Any CPU
		{BAD6AD11-1DDA-4689-81FB-37EDABD41787}.Debug|Any CPU.Build.0 = Debug|Any CPU
		{BAD6AD11-1DDA-4689-81FB-37EDABD41787}.Release|Any CPU.ActiveCfg = Release|Any CPU
		{BAD6AD11-1DDA-4689-81FB-37EDABD41787}.Release|Any CPU.Build.0 = Release|Any CPU
	EndGlobalSection
	GlobalSection(SolutionProperties) = preSolution
		HideSolutionNode = FALSE
	EndGlobalSection
EndGlobal
